
Microsoft Visual Studio Solution File, Format Version 12.00
# Visual Studio 15
VisualStudioVersion = 15.0.28307.421
MinimumVisualStudioVersion = 10.0.40219.1
Project("{FAE04EC0-301F-11D3-BF4B-00C04F79EFBC}") = "Game-Bomberman", "Game-Bomberman\Game-Bomberman.csproj", "{0A139AF0-EF9B-4991-9174-A4F643EAFF54}"
EndProject
Global
	GlobalSection(SolutionConfigurationPlatforms) = preSolution
		Debug|Any CPU = Debug|Any CPU
		Release|Any CPU = Release|Any CPU
	EndGlobalSection
	GlobalSection(ProjectConfigurationPlatforms) = postSolution
		{0A139AF0-EF9B-4991-9174-A4F643EAFF54}.Debug|Any CPU.ActiveCfg = Debug|Any CPU
		{0A139AF0-EF9B-4991-9174-A4F643EAFF54}.Debug|Any CPU.Build.0 = Debug|Any CPU
		{0A139AF0-EF9B-4991-9174-A4F643EAFF54}.Release|Any CPU.ActiveCfg = Release|Any CPU
		{0A139AF0-EF9B-4991-9174-A4F643EAFF54}.Release|Any CPU.Build.0 = Release|Any CPU
	EndGlobalSection
	GlobalSection(SolutionProperties) = preSolution
		HideSolutionNode = FALSE
	EndGlobalSection
	GlobalSection(ExtensibilityGlobals) = postSolution
		SolutionGuid = {77148662-D466-4BDF-AEEB-9E3E5DCE2BD4}
	EndGlobalSection
EndGlobal
